{
    "_readme": [
        "This file locks the dependencies of your project to a known state",
        "Read more about it at https://getcomposer.org/doc/01-basic-usage.md#installing-dependencies",
        "This file is @generated automatically"
    ],
    "content-hash": "2f0426ac0e88b11755644da54e1c301b",
    "packages": [
        {
            "name": "bluerhinos/phpmqtt",
            "version": "1.0.1",
            "source": {
                "type": "git",
                "url": "https://github.com/bluerhinos/phpMQTT.git",
                "reference": "fe4b6b2fe3d1b651fe1456e147ad4f044fa70603"
            },
            "dist": {
                "type": "zip",
                "url": "https://api.github.com/repos/bluerhinos/phpMQTT/zipball/fe4b6b2fe3d1b651fe1456e147ad4f044fa70603",
                "reference": "fe4b6b2fe3d1b651fe1456e147ad4f044fa70603",
                "shasum": ""
            },
            "require": {
                "php": ">=7.2"
            },
            "type": "library",
            "autoload": {
                "psr-4": {
                    "Bluerhinos\\": "./"
                }
            },
            "notification-url": "https://packagist.org/downloads/",
            "license": [
                "BSD"
            ],
            "authors": [
                {
                    "name": "Andrew Milsted",
                    "email": "andrew@bluerhinos.co.uk"
                }
            ],
            "description": "Simple MQTT Class",
            "support": {
                "issues": "https://github.com/bluerhinos/phpMQTT/issues",
                "source": "https://github.com/bluerhinos/phpMQTT/tree/1.0.1"
            },
            "time": "2021-08-21T18:25:12+00:00"
        }
    ],
    "packages-dev": [],
    "aliases": [],
    "minimum-stability": "stable",
    "stability-flags": [],
    "prefer-stable": false,
    "prefer-lowest": false,
    "platform": [],
    "platform-dev": [],
    "platform-overrides": {
        "php": "7.2"
    },
    "plugin-api-version": "2.3.0"
}
